{
  "name": "fa5",
  "version": "1.0.0",
  "lockfileVersion": 1,
  "requires": true,
  "dependencies": {
    "@fortawesome/fontawesome-common-types": {
      "version": "0.2.8",
      "resolved": "https://registry.npmjs.org/@fortawesome/fontawesome-common-types/-/fontawesome-common-types-0.2.8.tgz",
      "integrity": "sha512-0sU7JDLdEeGQlWBSr5uEE6PZOM15YM1s9rFlpZV+WhNdX2V6Co3Sj0OW5el4F54X1Tw+nfxf4Cc3dUedudaDWg=="
    },
    "@fortawesome/fontawesome-svg-core": {
      "version": "1.2.8",
      "resolved": "https://registry.npmjs.org/@fortawesome/fontawesome-svg-core/-/fontawesome-svg-core-1.2.8.tgz",
      "integrity": "sha512-cvcMQZ5F8WSNSGMk9uWlkmZNfDzmdsWLRrTMrNwwihHcEmWRlIuSbDt+PQ/rXsnGmJnmLQJLFBT1cse/3swxbg==",
      "requires": {
        "@fortawesome/fontawesome-common-types": "^0.2.8"
      }
    },
    "@fortawesome/free-brands-svg-icons": {
      "version": "5.5.0",
      "resolved": "https://registry.npmjs.org/@fortawesome/free-brands-svg-icons/-/free-brands-svg-icons-5.5.0.tgz",
      "integrity": "sha512-R2I2eARMVofGTtfxe5+VaMRXiQYQQFoDkHj2Q1qZVn37eRFszDySvSlJuKTsqFRsOxoP4Iq+xIGFy/ppoSo3Wg==",
      "requires": {
        "@fortawesome/fontawesome-common-types": "^0.2.8"
      }
    },
    "@fortawesome/free-regular-svg-icons": {
      "version": "5.5.0",
      "resolved": "https://registry.npmjs.org/@fortawesome/free-regular-svg-icons/-/free-regular-svg-icons-5.5.0.tgz",
      "integrity": "sha512-qXOglmsMJR3a//AtfTHYaAITODuTDV73IDtU95diP//wSU+md8umWryB6B38S9b5ECvH8eMN1zLa+np2Pw564g==",
      "requires": {
        "@fortawesome/fontawesome-common-types": "^0.2.8"
      }
    },
    "@fortawesome/free-solid-svg-icons": {
      "version": "5.5.0",
      "resolved": "https://registry.npmjs.org/@fortawesome/free-solid-svg-icons/-/free-solid-svg-icons-5.5.0.tgz",
      "integrity": "sha512-VawIT2owNP97EwehZmxkvZDhoKwEevU/1HOMkln6kc4OtfE+JKYr6DpyzQnHVWXvz/eFj36QElHNe6zT8gR+Tg==",
      "requires": {
        "@fortawesome/fontawesome-common-types": "^0.2.8"
      }
    }
  }
}
